
Microsoft Visual Studio Solution File, Format Version 12.00
# Visual Studio Version 17
VisualStudioVersion = 17.14.36327.8 d17.14
MinimumVisualStudioVersion = 10.0.40219.1
Project("{FAE04EC0-301F-11D3-BF4B-00C04F79EFBC}") = "_Hire_Me_Now_", "_Hire_Me_Now_\_Hire_Me_Now_.csproj", "{8C5966B6-482D-4362-BDDF-640468BA1FF4}"
EndProject
Project("{FAE04EC0-301F-11D3-BF4B-00C04F79EFBC}") = "Domain", "Domain\Domain.csproj", "{35F125CE-41BB-4050-9C2F-9E9A34EF13A7}"
EndProject
Global
	GlobalSection(SolutionConfigurationPlatforms) = preSolution
		Debug|Any CPU = Debug|Any CPU
		Release|Any CPU = Release|Any CPU
	EndGlobalSection
	GlobalSection(ProjectConfigurationPlatforms) = postSolution
		{8C5966B6-482D-4362-BDDF-640468BA1FF4}.Debug|Any CPU.ActiveCfg = Debug|Any CPU
		{8C5966B6-482D-4362-BDDF-640468BA1FF4}.Debug|Any CPU.Build.0 = Debug|Any CPU
		{8C5966B6-482D-4362-BDDF-640468BA1FF4}.Release|Any CPU.ActiveCfg = Release|Any CPU
		{8C5966B6-482D-4362-BDDF-640468BA1FF4}.Release|Any CPU.Build.0 = Release|Any CPU
		{35F125CE-41BB-4050-9C2F-9E9A34EF13A7}.Debug|Any CPU.ActiveCfg = Debug|Any CPU
		{35F125CE-41BB-4050-9C2F-9E9A34EF13A7}.Debug|Any CPU.Build.0 = Debug|Any CPU
		{35F125CE-41BB-4050-9C2F-9E9A34EF13A7}.Release|Any CPU.ActiveCfg = Release|Any CPU
		{35F125CE-41BB-4050-9C2F-9E9A34EF13A7}.Release|Any CPU.Build.0 = Release|Any CPU
	EndGlobalSection
	GlobalSection(SolutionProperties) = preSolution
		HideSolutionNode = FALSE
	EndGlobalSection
	GlobalSection(ExtensibilityGlobals) = postSolution
		SolutionGuid = {D5005ABA-5C46-4B70-B131-AC3037D13FF1}
	EndGlobalSection
EndGlobal
